// !$*UTF8*$!
{
	archiveVersion = 1;
	classes = {
	};
	objectVersion = 55;
	objects = {

/* Begin PBXBuildFile section */
		A95F41E827E866A500C90FDD /* AppDelegate.swift in Sources */ = {isa = PBXBuildFile; fileRef = A95F41E727E866A500C90FDD /* AppDelegate.swift */; };
		A95F41EA27E866A500C90FDD /* SceneDelegate.swift in Sources */ = {isa = PBXBuildFile; fileRef = A95F41E927E866A500C90FDD /* SceneDelegate.swift */; };
		A95F41F127E866A700C90FDD /* Assets.xcassets in Resources */ = {isa = PBXBuildFile; fileRef = A95F41F027E866A700C90FDD /* Assets.xcassets */; };
		A95F41F427E866A700C90FDD /* LaunchScreen.storyboard in Resources */ = {isa = PBXBuildFile; fileRef = A95F41F227E866A700C90FDD /* LaunchScreen.storyboard */; };
		A95F41FD27E8686000C90FDD /* SnapKit in Frameworks */ = {isa = PBXBuildFile; productRef = A95F41FC27E8686000C90FDD /* SnapKit */; };
		A95F420027E8689A00C90FDD /* RxCocoa in Frameworks */ = {isa = PBXBuildFile; productRef = A95F41FF27E8689A00C90FDD /* RxCocoa */; };
		A95F420227E8689A00C90FDD /* RxRelay in Frameworks */ = {isa = PBXBuildFile; productRef = A95F420127E8689A00C90FDD /* RxRelay */; };
		A95F420427E8689A00C90FDD /* RxSwift in Frameworks */ = {isa = PBXBuildFile; productRef = A95F420327E8689A00C90FDD /* RxSwift */; };
		A95F420627E8694800C90FDD /* MainViewController.swift in Sources */ = {isa = PBXBuildFile; fileRef = A95F420527E8694800C90FDD /* MainViewController.swift */; };
		A95F420827E86A1E00C90FDD /* MainViewModel.swift in Sources */ = {isa = PBXBuildFile; fileRef = A95F420727E86A1E00C90FDD /* MainViewModel.swift */; };
		A95F420B27E86E6700C90FDD /* TitleTextFieldCell.swift in Sources */ = {isa = PBXBuildFile; fileRef = A95F420A27E86E6700C90FDD /* TitleTextFieldCell.swift */; };
		A95F420D27E86E8900C90FDD /* TitleTextFieldCellViewModel.swift in Sources */ = {isa = PBXBuildFile; fileRef = A95F420C27E86E8900C90FDD /* TitleTextFieldCellViewModel.swift */; };
		A95F421027E87B5800C90FDD /* Category.swift in Sources */ = {isa = PBXBuildFile; fileRef = A95F420F27E87B5800C90FDD /* Category.swift */; };
		A95F421327E87B9700C90FDD /* CategoryViewModel.swift in Sources */ = {isa = PBXBuildFile; fileRef = A95F421227E87B9700C90FDD /* CategoryViewModel.swift */; };
		A95F421527E87F0500C90FDD /* CategoryListViewController.swift in Sources */ = {isa = PBXBuildFile; fileRef = A95F421427E87F0500C90FDD /* CategoryListViewController.swift */; };
		A9609D3827E9A0C60049C321 /* PriceTextFieldCellViewModel.swift in Sources */ = {isa = PBXBuildFile; fileRef = A9609D3727E9A0C60049C321 /* PriceTextFieldCellViewModel.swift */; };
		A9609D3A27E9A4200049C321 /* PriceTextFieldCell.swift in Sources */ = {isa = PBXBuildFile; fileRef = A9609D3927E9A4200049C321 /* PriceTextFieldCell.swift */; };
		A9609D3D27E9A7E20049C321 /* DetailWriteFormCell.swift in Sources */ = {isa = PBXBuildFile; fileRef = A9609D3C27E9A7E20049C321 /* DetailWriteFormCell.swift */; };
		A9609D3F27E9A7F90049C321 /* DetailWriteFormCellViewModel.swift in Sources */ = {isa = PBXBuildFile; fileRef = A9609D3E27E9A7F90049C321 /* DetailWriteFormCellViewModel.swift */; };
/* End PBXBuildFile section */

/* Begin PBXFileReference section */
		A95F41E427E866A500C90FDD /* UploadUsedGoods.app */ = {isa = PBXFileReference; explicitFileType = wrapper.application; includeInIndex = 0; path = UploadUsedGoods.app; sourceTree = BUILT_PRODUCTS_DIR; };
		A95F41E727E866A500C90FDD /* AppDelegate.swift */ = {isa = PBXFileReference; lastKnownFileType = sourcecode.swift; path = AppDelegate.swift; sourceTree = "<group>"; };
		A95F41E927E866A500C90FDD /* SceneDelegate.swift */ = {isa = PBXFileReference; lastKnownFileType = sourcecode.swift; path = SceneDelegate.swift; sourceTree = "<group>"; };
		A95F41F027E866A700C90FDD /* Assets.xcassets */ = {isa = PBXFileReference; lastKnownFileType = folder.assetcatalog; path = Assets.xcassets; sourceTree = "<group>"; };
		A95F41F327E866A700C90FDD /* Base */ = {isa = PBXFileReference; lastKnownFileType = file.storyboard; name = Base; path = Base.lproj/LaunchScreen.storyboard; sourceTree = "<group>"; };
		A95F41F527E866A700C90FDD /* Info.plist */ = {isa = PBXFileReference; lastKnownFileType = text.plist.xml; path = Info.plist; sourceTree = "<group>"; };
		A95F420527E8694800C90FDD /* MainViewController.swift */ = {isa = PBXFileReference; lastKnownFileType = sourcecode.swift; path = MainViewController.swift; sourceTree = "<group>"; };
		A95F420727E86A1E00C90FDD /* MainViewModel.swift */ = {isa = PBXFileReference; lastKnownFileType = sourcecode.swift; path = MainViewModel.swift; sourceTree = "<group>"; };
		A95F420A27E86E6700C90FDD /* TitleTextFieldCell.swift */ = {isa = PBXFileReference; lastKnownFileType = sourcecode.swift; path = TitleTextFieldCell.swift; sourceTree = "<group>"; };
		A95F420C27E86E8900C90FDD /* TitleTextFieldCellViewModel.swift */ = {isa = PBXFileReference; lastKnownFileType = sourcecode.swift; path = TitleTextFieldCellViewModel.swift; sourceTree = "<group>"; };
		A95F420F27E87B5800C90FDD /* Category.swift */ = {isa = PBXFileReference; lastKnownFileType = sourcecode.swift; path = Category.swift; sourceTree = "<group>"; };
		A95F421227E87B9700C90FDD /* CategoryViewModel.swift */ = {isa = PBXFileReference; lastKnownFileType = sourcecode.swift; path = CategoryViewModel.swift; sourceTree = "<group>"; };
		A95F421427E87F0500C90FDD /* CategoryListViewController.swift */ = {isa = PBXFileReference; lastKnownFileType = sourcecode.swift; path = CategoryListViewController.swift; sourceTree = "<group>"; };
		A9609D3727E9A0C60049C321 /* PriceTextFieldCellViewModel.swift */ = {isa = PBXFileReference; lastKnownFileType = sourcecode.swift; path = PriceTextFieldCellViewModel.swift; sourceTree = "<group>"; };
		A9609D3927E9A4200049C321 /* PriceTextFieldCell.swift */ = {isa = PBXFileReference; lastKnownFileType = sourcecode.swift; path = PriceTextFieldCell.swift; sourceTree = "<group>"; };
		A9609D3C27E9A7E20049C321 /* DetailWriteFormCell.swift */ = {isa = PBXFileReference; lastKnownFileType = sourcecode.swift; path = DetailWriteFormCell.swift; sourceTree = "<group>"; };
		A9609D3E27E9A7F90049C321 /* DetailWriteFormCellViewModel.swift */ = {isa = PBXFileReference; lastKnownFileType = sourcecode.swift; path = DetailWriteFormCellViewModel.swift; sourceTree = "<group>"; };
/* End PBXFileReference section */

/* Begin PBXFrameworksBuildPhase section */
		A95F41E127E866A500C90FDD /* Frameworks */ = {
			isa = PBXFrameworksBuildPhase;
			buildActionMask = 2147483647;
			files = (
				A95F420227E8689A00C90FDD /* RxRelay in Frameworks */,
				A95F420027E8689A00C90FDD /* RxCocoa in Frameworks */,
				A95F420427E8689A00C90FDD /* RxSwift in Frameworks */,
				A95F41FD27E8686000C90FDD /* SnapKit in Frameworks */,
			);
			runOnlyForDeploymentPostprocessing = 0;
		};
/* End PBXFrameworksBuildPhase section */

/* Begin PBXGroup section */
		A95F41DB27E866A500C90FDD = {
			isa = PBXGroup;
			children = (
				A95F41E627E866A500C90FDD /* UploadUsedGoods */,
				A95F41E527E866A500C90FDD /* Products */,
			);
			sourceTree = "<group>";
		};
		A95F41E527E866A500C90FDD /* Products */ = {
			isa = PBXGroup;
			children = (
				A95F41E427E866A500C90FDD /* UploadUsedGoods.app */,
			);
			name = Products;
			sourceTree = "<group>";
		};
		A95F41E627E866A500C90FDD /* UploadUsedGoods */ = {
			isa = PBXGroup;
			children = (
				A95F41E727E866A500C90FDD /* AppDelegate.swift */,
				A95F41E927E866A500C90FDD /* SceneDelegate.swift */,
				A95F421127E87B5B00C90FDD /* Entity */,
				A95F420927E86DFE00C90FDD /* MainViewController */,
				A95F41F027E866A700C90FDD /* Assets.xcassets */,
				A95F41F227E866A700C90FDD /* LaunchScreen.storyboard */,
				A95F41F527E866A700C90FDD /* Info.plist */,
			);
			path = UploadUsedGoods;
			sourceTree = "<group>";
		};
		A95F420927E86DFE00C90FDD /* MainViewController */ = {
			isa = PBXGroup;
			children = (
				A95F420527E8694800C90FDD /* MainViewController.swift */,
				A95F420727E86A1E00C90FDD /* MainViewModel.swift */,
				A9609D4327E9AFC30049C321 /* SubComponents */,
			);
			path = MainViewController;
			sourceTree = "<group>";
		};
		A95F420E27E86E9100C90FDD /* TitleTextFieldCell */ = {
			isa = PBXGroup;
			children = (
				A95F420A27E86E6700C90FDD /* TitleTextFieldCell.swift */,
				A95F420C27E86E8900C90FDD /* TitleTextFieldCellViewModel.swift */,
			);
			path = TitleTextFieldCell;
			sourceTree = "<group>";
		};
		A95F421127E87B5B00C90FDD /* Entity */ = {
			isa = PBXGroup;
			children = (
				A95F420F27E87B5800C90FDD /* Category.swift */,
			);
			path = Entity;
			sourceTree = "<group>";
		};
		A95F421627E8840000C90FDD /* CategorViewController */ = {
			isa = PBXGroup;
			children = (
				A95F421227E87B9700C90FDD /* CategoryViewModel.swift */,
				A95F421427E87F0500C90FDD /* CategoryListViewController.swift */,
			);
			path = CategorViewController;
			sourceTree = "<group>";
		};
		A9609D3B27E9A62C0049C321 /* PriceTextFieldCell */ = {
			isa = PBXGroup;
			children = (
				A9609D3727E9A0C60049C321 /* PriceTextFieldCellViewModel.swift */,
				A9609D3927E9A4200049C321 /* PriceTextFieldCell.swift */,
			);
			path = PriceTextFieldCell;
			sourceTree = "<group>";
		};
		A9609D4027E9A7FF0049C321 /* DetailWriteFormCell */ = {
			isa = PBXGroup;
			children = (
				A9609D3C27E9A7E20049C321 /* DetailWriteFormCell.swift */,
				A9609D3E27E9A7F90049C321 /* DetailWriteFormCellViewModel.swift */,
			);
			path = DetailWriteFormCell;
			sourceTree = "<group>";
		};
		A9609D4327E9AFC30049C321 /* SubComponents */ = {
			isa = PBXGroup;
			children = (
				A95F420E27E86E9100C90FDD /* TitleTextFieldCell */,
				A95F421627E8840000C90FDD /* CategorViewController */,
				A9609D3B27E9A62C0049C321 /* PriceTextFieldCell */,
				A9609D4027E9A7FF0049C321 /* DetailWriteFormCell */,
			);
			path = SubComponents;
			sourceTree = "<group>";
		};
/* End PBXGroup section */

/* Begin PBXNativeTarget section */
		A95F41E327E866A500C90FDD /* UploadUsedGoods */ = {
			isa = PBXNativeTarget;
			buildConfigurationList = A95F41F827E866A700C90FDD /* Build configuration list for PBXNativeTarget "UploadUsedGoods" */;
			buildPhases = (
				A95F41E027E866A500C90FDD /* Sources */,
				A95F41E127E866A500C90FDD /* Frameworks */,
				A95F41E227E866A500C90FDD /* Resources */,
			);
			buildRules = (
			);
			dependencies = (
			);
			name = UploadUsedGoods;
			packageProductDependencies = (
				A95F41FC27E8686000C90FDD /* SnapKit */,
				A95F41FF27E8689A00C90FDD /* RxCocoa */,
				A95F420127E8689A00C90FDD /* RxRelay */,
				A95F420327E8689A00C90FDD /* RxSwift */,
			);
			productName = UploadUsedGoods;
			productReference = A95F41E427E866A500C90FDD /* UploadUsedGoods.app */;
			productType = "com.apple.product-type.application";
		};
/* End PBXNativeTarget section */

/* Begin PBXProject section */
		A95F41DC27E866A500C90FDD /* Project object */ = {
			isa = PBXProject;
			attributes = {
				BuildIndependentTargetsInParallel = 1;
				LastSwiftUpdateCheck = 1320;
				LastUpgradeCheck = 1320;
				TargetAttributes = {
					A95F41E327E866A500C90FDD = {
						CreatedOnToolsVersion = 13.2.1;
					};
				};
			};
			buildConfigurationList = A95F41DF27E866A500C90FDD /* Build configuration list for PBXProject "UploadUsedGoods" */;
			compatibilityVersion = "Xcode 13.0";
			developmentRegion = en;
			hasScannedForEncodings = 0;
			knownRegions = (
				en,
				Base,
			);
			mainGroup = A95F41DB27E866A500C90FDD;
			packageReferences = (
				A95F41FB27E8686000C90FDD /* XCRemoteSwiftPackageReference "SnapKit" */,
				A95F41FE27E8689A00C90FDD /* XCRemoteSwiftPackageReference "RxSwift" */,
			);
			productRefGroup = A95F41E527E866A500C90FDD /* Products */;
			projectDirPath = "";
			projectRoot = "";
			targets = (
				A95F41E327E866A500C90FDD /* UploadUsedGoods */,
			);
		};
/* End PBXProject section */

/* Begin PBXResourcesBuildPhase section */
		A95F41E227E866A500C90FDD /* Resources */ = {
			isa = PBXResourcesBuildPhase;
			buildActionMask = 2147483647;
			files = (
				A95F41F427E866A700C90FDD /* LaunchScreen.storyboard in Resources */,
				A95F41F127E866A700C90FDD /* Assets.xcassets in Resources */,
			);
			runOnlyForDeploymentPostprocessing = 0;
		};
/* End PBXResourcesBuildPhase section */

/* Begin PBXSourcesBuildPhase section */
		A95F41E027E866A500C90FDD /* Sources */ = {
			isa = PBXSourcesBuildPhase;
			buildActionMask = 2147483647;
			files = (
				A95F41E827E866A500C90FDD /* AppDelegate.swift in Sources */,
				A95F420D27E86E8900C90FDD /* TitleTextFieldCellViewModel.swift in Sources */,
				A9609D3827E9A0C60049C321 /* PriceTextFieldCellViewModel.swift in Sources */,
				A95F421527E87F0500C90FDD /* CategoryListViewController.swift in Sources */,
				A95F41EA27E866A500C90FDD /* SceneDelegate.swift in Sources */,
				A95F420627E8694800C90FDD /* MainViewController.swift in Sources */,
				A9609D3A27E9A4200049C321 /* PriceTextFieldCell.swift in Sources */,
				A9609D3F27E9A7F90049C321 /* DetailWriteFormCellViewModel.swift in Sources */,
				A95F421327E87B9700C90FDD /* CategoryViewModel.swift in Sources */,
				A95F420B27E86E6700C90FDD /* TitleTextFieldCell.swift in Sources */,
				A95F420827E86A1E00C90FDD /* MainViewModel.swift in Sources */,
				A9609D3D27E9A7E20049C321 /* DetailWriteFormCell.swift in Sources */,
				A95F421027E87B5800C90FDD /* Category.swift in Sources */,
			);
			runOnlyForDeploymentPostprocessing = 0;
		};
/* End PBXSourcesBuildPhase section */

/* Begin PBXVariantGroup section */
		A95F41F227E866A700C90FDD /* LaunchScreen.storyboard */ = {
			isa = PBXVariantGroup;
			children = (
				A95F41F327E866A700C90FDD /* Base */,
			);
			name = LaunchScreen.storyboard;
			sourceTree = "<group>";
		};
/* End PBXVariantGroup section */

/* Begin XCBuildConfiguration section */
		A95F41F627E866A700C90FDD /* Debug */ = {
			isa = XCBuildConfiguration;
			buildSettings = {
				ALWAYS_SEARCH_USER_PATHS = NO;
				CLANG_ANALYZER_NONNULL = YES;
				CLANG_ANALYZER_NUMBER_OBJECT_CONVERSION = YES_AGGRESSIVE;
				CLANG_CXX_LANGUAGE_STANDARD = "gnu++17";
				CLANG_CXX_LIBRARY = "libc++";
				CLANG_ENABLE_MODULES = YES;
				CLANG_ENABLE_OBJC_ARC = YES;
				CLANG_ENABLE_OBJC_WEAK = YES;
				CLANG_WARN_BLOCK_CAPTURE_AUTORELEASING = YES;
				CLANG_WARN_BOOL_CONVERSION = YES;
				CLANG_WARN_COMMA = YES;
				CLANG_WARN_CONSTANT_CONVERSION = YES;
				CLANG_WARN_DEPRECATED_OBJC_IMPLEMENTATIONS = YES;
				CLANG_WARN_DIRECT_OBJC_ISA_USAGE = YES_ERROR;
				CLANG_WARN_DOCUMENTATION_COMMENTS = YES;
				CLANG_WARN_EMPTY_BODY = YES;
				CLANG_WARN_ENUM_CONVERSION = YES;
				CLANG_WARN_INFINITE_RECURSION = YES;
				CLANG_WARN_INT_CONVERSION = YES;
				CLANG_WARN_NON_LITERAL_NULL_CONVERSION = YES;
				CLANG_WARN_OBJC_IMPLICIT_RETAIN_SELF = YES;
				CLANG_WARN_OBJC_LITERAL_CONVERSION = YES;
				CLANG_WARN_OBJC_ROOT_CLASS = YES_ERROR;
				CLANG_WARN_QUOTED_INCLUDE_IN_FRAMEWORK_HEADER = YES;
				CLANG_WARN_RANGE_LOOP_ANALYSIS = YES;
				CLANG_WARN_STRICT_PROTOTYPES = YES;
				CLANG_WARN_SUSPICIOUS_MOVE = YES;
				CLANG_WARN_UNGUARDED_AVAILABILITY = YES_AGGRESSIVE;
				CLANG_WARN_UNREACHABLE_CODE = YES;
				CLANG_WARN__DUPLICATE_METHOD_MATCH = YES;
				COPY_PHASE_STRIP = NO;
				DEBUG_INFORMATION_FORMAT = dwarf;
				ENABLE_STRICT_OBJC_MSGSEND = YES;
				ENABLE_TESTABILITY = YES;
				GCC_C_LANGUAGE_STANDARD = gnu11;
				GCC_DYNAMIC_NO_PIC = NO;
				GCC_NO_COMMON_BLOCKS = YES;
				GCC_OPTIMIZATION_LEVEL = 0;
				GCC_PREPROCESSOR_DEFINITIONS = (
					"DEBUG=1",
					"$(inherited)",
				);
				GCC_WARN_64_TO_32_BIT_CONVERSION = YES;
				GCC_WARN_ABOUT_RETURN_TYPE = YES_ERROR;
				GCC_WARN_UNDECLARED_SELECTOR = YES;
				GCC_WARN_UNINITIALIZED_AUTOS = YES_AGGRESSIVE;
				GCC_WARN_UNUSED_FUNCTION = YES;
				GCC_WARN_UNUSED_VARIABLE = YES;
				IPHONEOS_DEPLOYMENT_TARGET = 15.2;
				MTL_ENABLE_DEBUG_INFO = INCLUDE_SOURCE;
				MTL_FAST_MATH = YES;
				ONLY_ACTIVE_ARCH = YES;
				SDKROOT = iphoneos;
				SWIFT_ACTIVE_COMPILATION_CONDITIONS = DEBUG;
				SWIFT_OPTIMIZATION_LEVEL = "-Onone";
			};
			name = Debug;
		};
		A95F41F727E866A700C90FDD /* Release */ = {
			isa = XCBuildConfiguration;
			buildSettings = {
				ALWAYS_SEARCH_USER_PATHS = NO;
				CLANG_ANALYZER_NONNULL = YES;
				CLANG_ANALYZER_NUMBER_OBJECT_CONVERSION = YES_AGGRESSIVE;
				CLANG_CXX_LANGUAGE_STANDARD = "gnu++17";
				CLANG_CXX_LIBRARY = "libc++";
				CLANG_ENABLE_MODULES = YES;
				CLANG_ENABLE_OBJC_ARC = YES;
				CLANG_ENABLE_OBJC_WEAK = YES;
				CLANG_WARN_BLOCK_CAPTURE_AUTORELEASING = YES;
				CLANG_WARN_BOOL_CONVERSION = YES;
				CLANG_WARN_COMMA = YES;
				CLANG_WARN_CONSTANT_CONVERSION = YES;
				CLANG_WARN_DEPRECATED_OBJC_IMPLEMENTATIONS = YES;
				CLANG_WARN_DIRECT_OBJC_ISA_USAGE = YES_ERROR;
				CLANG_WARN_DOCUMENTATION_COMMENTS = YES;
				CLANG_WARN_EMPTY_BODY = YES;
				CLANG_WARN_ENUM_CONVERSION = YES;
				CLANG_WARN_INFINITE_RECURSION = YES;
				CLANG_WARN_INT_CONVERSION = YES;
				CLANG_WARN_NON_LITERAL_NULL_CONVERSION = YES;
				CLANG_WARN_OBJC_IMPLICIT_RETAIN_SELF = YES;
				CLANG_WARN_OBJC_LITERAL_CONVERSION = YES;
				CLANG_WARN_OBJC_ROOT_CLASS = YES_ERROR;
				CLANG_WARN_QUOTED_INCLUDE_IN_FRAMEWORK_HEADER = YES;
				CLANG_WARN_RANGE_LOOP_ANALYSIS = YES;
				CLANG_WARN_STRICT_PROTOTYPES = YES;
				CLANG_WARN_SUSPICIOUS_MOVE = YES;
				CLANG_WARN_UNGUARDED_AVAILABILITY = YES_AGGRESSIVE;
				CLANG_WARN_UNREACHABLE_CODE = YES;
				CLANG_WARN__DUPLICATE_METHOD_MATCH = YES;
				COPY_PHASE_STRIP = NO;
				DEBUG_INFORMATION_FORMAT = "dwarf-with-dsym";
				ENABLE_NS_ASSERTIONS = NO;
				ENABLE_STRICT_OBJC_MSGSEND = YES;
				GCC_C_LANGUAGE_STANDARD = gnu11;
				GCC_NO_COMMON_BLOCKS = YES;
				GCC_WARN_64_TO_32_BIT_CONVERSION = YES;
				GCC_WARN_ABOUT_RETURN_TYPE = YES_ERROR;
				GCC_WARN_UNDECLARED_SELECTOR = YES;
				GCC_WARN_UNINITIALIZED_AUTOS = YES_AGGRESSIVE;
				GCC_WARN_UNUSED_FUNCTION = YES;
				GCC_WARN_UNUSED_VARIABLE = YES;
				IPHONEOS_DEPLOYMENT_TARGET = 15.2;
				MTL_ENABLE_DEBUG_INFO = NO;
				MTL_FAST_MATH = YES;
				SDKROOT = iphoneos;
				SWIFT_COMPILATION_MODE = wholemodule;
				SWIFT_OPTIMIZATION_LEVEL = "-O";
				VALIDATE_PRODUCT = YES;
			};
			name = Release;
		};
		A95F41F927E866A700C90FDD /* Debug */ = {
			isa = XCBuildConfiguration;
			buildSettings = {
				ASSETCATALOG_COMPILER_APPICON_NAME = AppIcon;
				ASSETCATALOG_COMPILER_GLOBAL_ACCENT_COLOR_NAME = AccentColor;
				CODE_SIGN_STYLE = Automatic;
				CURRENT_PROJECT_VERSION = 1;
				DEVELOPMENT_TEAM = YB3R3CK6WP;
				GENERATE_INFOPLIST_FILE = YES;
				INFOPLIST_FILE = UploadUsedGoods/Info.plist;
				INFOPLIST_KEY_UIApplicationSupportsIndirectInputEvents = YES;
				INFOPLIST_KEY_UILaunchStoryboardName = LaunchScreen;
				INFOPLIST_KEY_UISupportedInterfaceOrientations_iPad = "UIInterfaceOrientationPortrait UIInterfaceOrientationPortraitUpsideDown UIInterfaceOrientationLandscapeLeft UIInterfaceOrientationLandscapeRight";
				INFOPLIST_KEY_UISupportedInterfaceOrientations_iPhone = "UIInterfaceOrientationPortrait UIInterfaceOrientationLandscapeLeft UIInterfaceOrientationLandscapeRight";
				LD_RUNPATH_SEARCH_PATHS = (
					"$(inherited)",
					"@executable_path/Frameworks",
				);
				MARKETING_VERSION = 1.0;
				PRODUCT_BUNDLE_IDENTIFIER = "min-kyoung.UploadUsedGoods";
				PRODUCT_NAME = "$(TARGET_NAME)";
				SWIFT_EMIT_LOC_STRINGS = YES;
				SWIFT_VERSION = 5.0;
				TARGETED_DEVICE_FAMILY = "1,2";
			};
			name = Debug;
		};
		A95F41FA27E866A700C90FDD /* Release */ = {
			isa = XCBuildConfiguration;
			buildSettings = {
				ASSETCATALOG_COMPILER_APPICON_NAME = AppIcon;
				ASSETCATALOG_COMPILER_GLOBAL_ACCENT_COLOR_NAME = AccentColor;
				CODE_SIGN_STYLE = Automatic;
				CURRENT_PROJECT_VERSION = 1;
				DEVELOPMENT_TEAM = YB3R3CK6WP;
				GENERATE_INFOPLIST_FILE = YES;
				INFOPLIST_FILE = UploadUsedGoods/Info.plist;
				INFOPLIST_KEY_UIApplicationSupportsIndirectInputEvents = YES;
				INFOPLIST_KEY_UILaunchStoryboardName = LaunchScreen;
				INFOPLIST_KEY_UISupportedInterfaceOrientations_iPad = "UIInterfaceOrientationPortrait UIInterfaceOrientationPortraitUpsideDown UIInterfaceOrientationLandscapeLeft UIInterfaceOrientationLandscapeRight";
				INFOPLIST_KEY_UISupportedInterfaceOrientations_iPhone = "UIInterfaceOrientationPortrait UIInterfaceOrientationLandscapeLeft UIInterfaceOrientationLandscapeRight";
				LD_RUNPATH_SEARCH_PATHS = (
					"$(inherited)",
					"@executable_path/Frameworks",
				);
				MARKETING_VERSION = 1.0;
				PRODUCT_BUNDLE_IDENTIFIER = "min-kyoung.UploadUsedGoods";
				PRODUCT_NAME = "$(TARGET_NAME)";
				SWIFT_EMIT_LOC_STRINGS = YES;
				SWIFT_VERSION = 5.0;
				TARGETED_DEVICE_FAMILY = "1,2";
			};
			name = Release;
		};
/* End XCBuildConfiguration section */

/* Begin XCConfigurationList section */
		A95F41DF27E866A500C90FDD /* Build configuration list for PBXProject "UploadUsedGoods" */ = {
			isa = XCConfigurationList;
			buildConfigurations = (
				A95F41F627E866A700C90FDD /* Debug */,
				A95F41F727E866A700C90FDD /* Release */,
			);
			defaultConfigurationIsVisible = 0;
			defaultConfigurationName = Release;
		};
		A95F41F827E866A700C90FDD /* Build configuration list for PBXNativeTarget "UploadUsedGoods" */ = {
			isa = XCConfigurationList;
			buildConfigurations = (
				A95F41F927E866A700C90FDD /* Debug */,
				A95F41FA27E866A700C90FDD /* Release */,
			);
			defaultConfigurationIsVisible = 0;
			defaultConfigurationName = Release;
		};
/* End XCConfigurationList section */

/* Begin XCRemoteSwiftPackageReference section */
		A95F41FB27E8686000C90FDD /* XCRemoteSwiftPackageReference "SnapKit" */ = {
			isa = XCRemoteSwiftPackageReference;
			repositoryURL = "https://github.com/SnapKit/SnapKit.git";
			requirement = {
				kind = exactVersion;
				version = 5.0.1;
			};
		};
		A95F41FE27E8689A00C90FDD /* XCRemoteSwiftPackageReference "RxSwift" */ = {
			isa = XCRemoteSwiftPackageReference;
			repositoryURL = "https://github.com/ReactiveX/RxSwift.git";
			requirement = {
				kind = exactVersion;
				version = 6.5.0;
			};
		};
/* End XCRemoteSwiftPackageReference section */

/* Begin XCSwiftPackageProductDependency section */
		A95F41FC27E8686000C90FDD /* SnapKit */ = {
			isa = XCSwiftPackageProductDependency;
			package = A95F41FB27E8686000C90FDD /* XCRemoteSwiftPackageReference "SnapKit" */;
			productName = SnapKit;
		};
		A95F41FF27E8689A00C90FDD /* RxCocoa */ = {
			isa = XCSwiftPackageProductDependency;
			package = A95F41FE27E8689A00C90FDD /* XCRemoteSwiftPackageReference "RxSwift" */;
			productName = RxCocoa;
		};
		A95F420127E8689A00C90FDD /* RxRelay */ = {
			isa = XCSwiftPackageProductDependency;
			package = A95F41FE27E8689A00C90FDD /* XCRemoteSwiftPackageReference "RxSwift" */;
			productName = RxRelay;
		};
		A95F420327E8689A00C90FDD /* RxSwift */ = {
			isa = XCSwiftPackageProductDependency;
			package = A95F41FE27E8689A00C90FDD /* XCRemoteSwiftPackageReference "RxSwift" */;
			productName = RxSwift;
		};
/* End XCSwiftPackageProductDependency section */
	};
	rootObject = A95F41DC27E866A500C90FDD /* Project object */;
}
